
Microsoft Visual Studio Solution File, Format Version 12.00
# Visual Studio Version 17
VisualStudioVersion = 17.2.32630.192
MinimumVisualStudioVersion = 10.0.40219.1
Project("{FAE04EC0-301F-11D3-BF4B-00C04F79EFBC}") = "SendEmailWithRandomAttachments", "SendEmailWithRandomAttachments.csproj", "{8AD2FDBB-9349-4863-BDB1-14F53BBA0CCB}"
EndProject
Project("{FAE04EC0-301F-11D3-BF4B-00C04F79EFBC}") = "EmailService", "..\EmailService\EmailService.csproj", "{1903B785-E1DB-459E-B9CC-55377E97B344}"
EndProject
Global
	GlobalSection(SolutionConfigurationPlatforms) = preSolution
		Debug|Any CPU = Debug|Any CPU
		Release|Any CPU = Release|Any CPU
	EndGlobalSection
	GlobalSection(ProjectConfigurationPlatforms) = postSolution
		{8AD2FDBB-9349-4863-BDB1-14F53BBA0CCB}.Debug|Any CPU.ActiveCfg = Release|Any CPU
		{8AD2FDBB-9349-4863-BDB1-14F53BBA0CCB}.Debug|Any CPU.Build.0 = Release|Any CPU
		{8AD2FDBB-9349-4863-BDB1-14F53BBA0CCB}.Release|Any CPU.ActiveCfg = Release|Any CPU
		{8AD2FDBB-9349-4863-BDB1-14F53BBA0CCB}.Release|Any CPU.Build.0 = Release|Any CPU
		{1903B785-E1DB-459E-B9CC-55377E97B344}.Debug|Any CPU.ActiveCfg = Release|Any CPU
		{1903B785-E1DB-459E-B9CC-55377E97B344}.Debug|Any CPU.Build.0 = Release|Any CPU
		{1903B785-E1DB-459E-B9CC-55377E97B344}.Release|Any CPU.ActiveCfg = Release|Any CPU
		{1903B785-E1DB-459E-B9CC-55377E97B344}.Release|Any CPU.Build.0 = Release|Any CPU
	EndGlobalSection
	GlobalSection(SolutionProperties) = preSolution
		HideSolutionNode = FALSE
	EndGlobalSection
	GlobalSection(ExtensibilityGlobals) = postSolution
		SolutionGuid = {5402D863-AADE-4742-AAF1-7CC31653238F}
	EndGlobalSection
EndGlobal
